// !$*UTF8*$!
{
	archiveVersion = 1;
	classes = {
	};
	objectVersion = 50;
	objects = {

/* Begin PBXBuildFile section */
		4DA3D365237E35830051E28D /* MainViewController.swift in Sources */ = {isa = PBXBuildFile; fileRef = 4DA3D364237E35830051E28D /* MainViewController.swift */; };
		4DA3D367237E3EB20051E28D /* CharacterCollectionCell.swift in Sources */ = {isa = PBXBuildFile; fileRef = 4DA3D366237E3EB20051E28D /* CharacterCollectionCell.swift */; };
		4DA3D36A237E4C090051E28D /* Character.swift in Sources */ = {isa = PBXBuildFile; fileRef = 4DA3D369237E4C090051E28D /* Character.swift */; };
		4DA3D36D237E4C650051E28D /* CharacterData.swift in Sources */ = {isa = PBXBuildFile; fileRef = 4DA3D36C237E4C650051E28D /* CharacterData.swift */; };
		4DA3D36F237E4F6F0051E28D /* ImageViewController.swift in Sources */ = {isa = PBXBuildFile; fileRef = 4DA3D36E237E4F6F0051E28D /* ImageViewController.swift */; };
		4DB82116237D5A550083FB4E /* AppDelegate.swift in Sources */ = {isa = PBXBuildFile; fileRef = 4DB82115237D5A550083FB4E /* AppDelegate.swift */; };
		4DB8211F237D5A580083FB4E /* Assets.xcassets in Resources */ = {isa = PBXBuildFile; fileRef = 4DB8211E237D5A580083FB4E /* Assets.xcassets */; };
		4DB82122237D5A580083FB4E /* LaunchScreen.storyboard in Resources */ = {isa = PBXBuildFile; fileRef = 4DB82120237D5A580083FB4E /* LaunchScreen.storyboard */; };
		4DD81C932386390200351427 /* TopCollectionViewCell.swift in Sources */ = {isa = PBXBuildFile; fileRef = 4DD81C922386390200351427 /* TopCollectionViewCell.swift */; };
		4DD81C952386391000351427 /* BotCollectionViewCell.swift in Sources */ = {isa = PBXBuildFile; fileRef = 4DD81C942386391000351427 /* BotCollectionViewCell.swift */; };
/* End PBXBuildFile section */

/* Begin PBXFileReference section */
		4DA3D364237E35830051E28D /* MainViewController.swift */ = {isa = PBXFileReference; lastKnownFileType = sourcecode.swift; path = MainViewController.swift; sourceTree = "<group>"; };
		4DA3D366237E3EB20051E28D /* CharacterCollectionCell.swift */ = {isa = PBXFileReference; lastKnownFileType = sourcecode.swift; path = CharacterCollectionCell.swift; sourceTree = "<group>"; };
		4DA3D369237E4C090051E28D /* Character.swift */ = {isa = PBXFileReference; lastKnownFileType = sourcecode.swift; path = Character.swift; sourceTree = "<group>"; };
		4DA3D36C237E4C650051E28D /* CharacterData.swift */ = {isa = PBXFileReference; lastKnownFileType = sourcecode.swift; path = CharacterData.swift; sourceTree = "<group>"; };
		4DA3D36E237E4F6F0051E28D /* ImageViewController.swift */ = {isa = PBXFileReference; lastKnownFileType = sourcecode.swift; path = ImageViewController.swift; sourceTree = "<group>"; };
		4DB82112237D5A550083FB4E /* Kiemtra_1.app */ = {isa = PBXFileReference; explicitFileType = wrapper.application; includeInIndex = 0; path = Kiemtra_1.app; sourceTree = BUILT_PRODUCTS_DIR; };
		4DB82115237D5A550083FB4E /* AppDelegate.swift */ = {isa = PBXFileReference; lastKnownFileType = sourcecode.swift; path = AppDelegate.swift; sourceTree = "<group>"; };
		4DB8211E237D5A580083FB4E /* Assets.xcassets */ = {isa = PBXFileReference; lastKnownFileType = folder.assetcatalog; path = Assets.xcassets; sourceTree = "<group>"; };
		4DB82121237D5A580083FB4E /* Base */ = {isa = PBXFileReference; lastKnownFileType = file.storyboard; name = Base; path = Base.lproj/LaunchScreen.storyboard; sourceTree = "<group>"; };
		4DB82123237D5A580083FB4E /* Info.plist */ = {isa = PBXFileReference; lastKnownFileType = text.plist.xml; path = Info.plist; sourceTree = "<group>"; };
		4DD81C922386390200351427 /* TopCollectionViewCell.swift */ = {isa = PBXFileReference; lastKnownFileType = sourcecode.swift; path = TopCollectionViewCell.swift; sourceTree = "<group>"; };
		4DD81C942386391000351427 /* BotCollectionViewCell.swift */ = {isa = PBXFileReference; lastKnownFileType = sourcecode.swift; path = BotCollectionViewCell.swift; sourceTree = "<group>"; };
/* End PBXFileReference section */

/* Begin PBXFrameworksBuildPhase section */
		4DB8210F237D5A550083FB4E /* Frameworks */ = {
			isa = PBXFrameworksBuildPhase;
			buildActionMask = 2147483647;
			files = (
			);
			runOnlyForDeploymentPostprocessing = 0;
		};
/* End PBXFrameworksBuildPhase section */

/* Begin PBXGroup section */
		4DA3D368237E4BEA0051E28D /* Models */ = {
			isa = PBXGroup;
			children = (
				4DA3D369237E4C090051E28D /* Character.swift */,
			);
			path = Models;
			sourceTree = "<group>";
		};
		4DA3D36B237E4C490051E28D /* Data */ = {
			isa = PBXGroup;
			children = (
				4DA3D36C237E4C650051E28D /* CharacterData.swift */,
			);
			path = Data;
			sourceTree = "<group>";
		};
		4DB82109237D5A550083FB4E = {
			isa = PBXGroup;
			children = (
				4DB82114237D5A550083FB4E /* Kiemtra_1 */,
				4DB82113237D5A550083FB4E /* Products */,
			);
			sourceTree = "<group>";
		};
		4DB82113237D5A550083FB4E /* Products */ = {
			isa = PBXGroup;
			children = (
				4DB82112237D5A550083FB4E /* Kiemtra_1.app */,
			);
			name = Products;
			sourceTree = "<group>";
		};
		4DB82114237D5A550083FB4E /* Kiemtra_1 */ = {
			isa = PBXGroup;
			children = (
				4DB82115237D5A550083FB4E /* AppDelegate.swift */,
				4DA3D364237E35830051E28D /* MainViewController.swift */,
				4DA3D36E237E4F6F0051E28D /* ImageViewController.swift */,
				4DA3D366237E3EB20051E28D /* CharacterCollectionCell.swift */,
				4DD81C922386390200351427 /* TopCollectionViewCell.swift */,
				4DD81C942386391000351427 /* BotCollectionViewCell.swift */,
				4DA3D36B237E4C490051E28D /* Data */,
				4DA3D368237E4BEA0051E28D /* Models */,
				4DB8211E237D5A580083FB4E /* Assets.xcassets */,
				4DB82120237D5A580083FB4E /* LaunchScreen.storyboard */,
				4DB82123237D5A580083FB4E /* Info.plist */,
			);
			path = Kiemtra_1;
			sourceTree = "<group>";
		};
/* End PBXGroup section */

/* Begin PBXNativeTarget section */
		4DB82111237D5A550083FB4E /* Kiemtra_1 */ = {
			isa = PBXNativeTarget;
			buildConfigurationList = 4DB82126237D5A580083FB4E /* Build configuration list for PBXNativeTarget "Kiemtra_1" */;
			buildPhases = (
				4DB8210E237D5A550083FB4E /* Sources */,
				4DB8210F237D5A550083FB4E /* Frameworks */,
				4DB82110237D5A550083FB4E /* Resources */,
			);
			buildRules = (
			);
			dependencies = (
			);
			name = Kiemtra_1;
			productName = Kiemtra_1;
			productReference = 4DB82112237D5A550083FB4E /* Kiemtra_1.app */;
			productType = "com.apple.product-type.application";
		};
/* End PBXNativeTarget section */

/* Begin PBXProject section */
		4DB8210A237D5A550083FB4E /* Project object */ = {
			isa = PBXProject;
			attributes = {
				LastSwiftUpdateCheck = 1120;
				LastUpgradeCheck = 1120;
				ORGANIZATIONNAME = "Xuan Huy";
				TargetAttributes = {
					4DB82111237D5A550083FB4E = {
						CreatedOnToolsVersion = 11.2;
					};
				};
			};
			buildConfigurationList = 4DB8210D237D5A550083FB4E /* Build configuration list for PBXProject "Kiemtra_1" */;
			compatibilityVersion = "Xcode 9.3";
			developmentRegion = en;
			hasScannedForEncodings = 0;
			knownRegions = (
				en,
				Base,
			);
			mainGroup = 4DB82109237D5A550083FB4E;
			productRefGroup = 4DB82113237D5A550083FB4E /* Products */;
			projectDirPath = "";
			projectRoot = "";
			targets = (
				4DB82111237D5A550083FB4E /* Kiemtra_1 */,
			);
		};
/* End PBXProject section */

/* Begin PBXResourcesBuildPhase section */
		4DB82110237D5A550083FB4E /* Resources */ = {
			isa = PBXResourcesBuildPhase;
			buildActionMask = 2147483647;
			files = (
				4DB82122237D5A580083FB4E /* LaunchScreen.storyboard in Resources */,
				4DB8211F237D5A580083FB4E /* Assets.xcassets in Resources */,
			);
			runOnlyForDeploymentPostprocessing = 0;
		};
/* End PBXResourcesBuildPhase section */

/* Begin PBXSourcesBuildPhase section */
		4DB8210E237D5A550083FB4E /* Sources */ = {
			isa = PBXSourcesBuildPhase;
			buildActionMask = 2147483647;
			files = (
				4DD81C932386390200351427 /* TopCollectionViewCell.swift in Sources */,
				4DA3D365237E35830051E28D /* MainViewController.swift in Sources */,
				4DD81C952386391000351427 /* BotCollectionViewCell.swift in Sources */,
				4DA3D367237E3EB20051E28D /* CharacterCollectionCell.swift in Sources */,
				4DA3D36D237E4C650051E28D /* CharacterData.swift in Sources */,
				4DB82116237D5A550083FB4E /* AppDelegate.swift in Sources */,
				4DA3D36F237E4F6F0051E28D /* ImageViewController.swift in Sources */,
				4DA3D36A237E4C090051E28D /* Character.swift in Sources */,
			);
			runOnlyForDeploymentPostprocessing = 0;
		};
/* End PBXSourcesBuildPhase section */

/* Begin PBXVariantGroup section */
		4DB82120237D5A580083FB4E /* LaunchScreen.storyboard */ = {
			isa = PBXVariantGroup;
			children = (
				4DB82121237D5A580083FB4E /* Base */,
			);
			name = LaunchScreen.storyboard;
			sourceTree = "<group>";
		};
/* End PBXVariantGroup section */

/* Begin XCBuildConfiguration section */
		4DB82124237D5A580083FB4E /* Debug */ = {
			isa = XCBuildConfiguration;
			buildSettings = {
				ALWAYS_SEARCH_USER_PATHS = NO;
				CLANG_ANALYZER_NONNULL = YES;
				CLANG_ANALYZER_NUMBER_OBJECT_CONVERSION = YES_AGGRESSIVE;
				CLANG_CXX_LANGUAGE_STANDARD = "gnu++14";
				CLANG_CXX_LIBRARY = "libc++";
				CLANG_ENABLE_MODULES = YES;
				CLANG_ENABLE_OBJC_ARC = YES;
				CLANG_ENABLE_OBJC_WEAK = YES;
				CLANG_WARN_BLOCK_CAPTURE_AUTORELEASING = YES;
				CLANG_WARN_BOOL_CONVERSION = YES;
				CLANG_WARN_COMMA = YES;
				CLANG_WARN_CONSTANT_CONVERSION = YES;
				CLANG_WARN_DEPRECATED_OBJC_IMPLEMENTATIONS = YES;
				CLANG_WARN_DIRECT_OBJC_ISA_USAGE = YES_ERROR;
				CLANG_WARN_DOCUMENTATION_COMMENTS = YES;
				CLANG_WARN_EMPTY_BODY = YES;
				CLANG_WARN_ENUM_CONVERSION = YES;
				CLANG_WARN_INFINITE_RECURSION = YES;
				CLANG_WARN_INT_CONVERSION = YES;
				CLANG_WARN_NON_LITERAL_NULL_CONVERSION = YES;
				CLANG_WARN_OBJC_IMPLICIT_RETAIN_SELF = YES;
				CLANG_WARN_OBJC_LITERAL_CONVERSION = YES;
				CLANG_WARN_OBJC_ROOT_CLASS = YES_ERROR;
				CLANG_WARN_RANGE_LOOP_ANALYSIS = YES;
				CLANG_WARN_STRICT_PROTOTYPES = YES;
				CLANG_WARN_SUSPICIOUS_MOVE = YES;
				CLANG_WARN_UNGUARDED_AVAILABILITY = YES_AGGRESSIVE;
				CLANG_WARN_UNREACHABLE_CODE = YES;
				CLANG_WARN__DUPLICATE_METHOD_MATCH = YES;
				COPY_PHASE_STRIP = NO;
				DEBUG_INFORMATION_FORMAT = dwarf;
				ENABLE_STRICT_OBJC_MSGSEND = YES;
				ENABLE_TESTABILITY = YES;
				GCC_C_LANGUAGE_STANDARD = gnu11;
				GCC_DYNAMIC_NO_PIC = NO;
				GCC_NO_COMMON_BLOCKS = YES;
				GCC_OPTIMIZATION_LEVEL = 0;
				GCC_PREPROCESSOR_DEFINITIONS = (
					"DEBUG=1",
					"$(inherited)",
				);
				GCC_WARN_64_TO_32_BIT_CONVERSION = YES;
				GCC_WARN_ABOUT_RETURN_TYPE = YES_ERROR;
				GCC_WARN_UNDECLARED_SELECTOR = YES;
				GCC_WARN_UNINITIALIZED_AUTOS = YES_AGGRESSIVE;
				GCC_WARN_UNUSED_FUNCTION = YES;
				GCC_WARN_UNUSED_VARIABLE = YES;
				IPHONEOS_DEPLOYMENT_TARGET = 13.2;
				MTL_ENABLE_DEBUG_INFO = INCLUDE_SOURCE;
				MTL_FAST_MATH = YES;
				ONLY_ACTIVE_ARCH = YES;
				SDKROOT = iphoneos;
				SWIFT_ACTIVE_COMPILATION_CONDITIONS = DEBUG;
				SWIFT_OPTIMIZATION_LEVEL = "-Onone";
			};
			name = Debug;
		};
		4DB82125237D5A580083FB4E /* Release */ = {
			isa = XCBuildConfiguration;
			buildSettings = {
				ALWAYS_SEARCH_USER_PATHS = NO;
				CLANG_ANALYZER_NONNULL = YES;
				CLANG_ANALYZER_NUMBER_OBJECT_CONVERSION = YES_AGGRESSIVE;
				CLANG_CXX_LANGUAGE_STANDARD = "gnu++14";
				CLANG_CXX_LIBRARY = "libc++";
				CLANG_ENABLE_MODULES = YES;
				CLANG_ENABLE_OBJC_ARC = YES;
				CLANG_ENABLE_OBJC_WEAK = YES;
				CLANG_WARN_BLOCK_CAPTURE_AUTORELEASING = YES;
				CLANG_WARN_BOOL_CONVERSION = YES;
				CLANG_WARN_COMMA = YES;
				CLANG_WARN_CONSTANT_CONVERSION = YES;
				CLANG_WARN_DEPRECATED_OBJC_IMPLEMENTATIONS = YES;
				CLANG_WARN_DIRECT_OBJC_ISA_USAGE = YES_ERROR;
				CLANG_WARN_DOCUMENTATION_COMMENTS = YES;
				CLANG_WARN_EMPTY_BODY = YES;
				CLANG_WARN_ENUM_CONVERSION = YES;
				CLANG_WARN_INFINITE_RECURSION = YES;
				CLANG_WARN_INT_CONVERSION = YES;
				CLANG_WARN_NON_LITERAL_NULL_CONVERSION = YES;
				CLANG_WARN_OBJC_IMPLICIT_RETAIN_SELF = YES;
				CLANG_WARN_OBJC_LITERAL_CONVERSION = YES;
				CLANG_WARN_OBJC_ROOT_CLASS = YES_ERROR;
				CLANG_WARN_RANGE_LOOP_ANALYSIS = YES;
				CLANG_WARN_STRICT_PROTOTYPES = YES;
				CLANG_WARN_SUSPICIOUS_MOVE = YES;
				CLANG_WARN_UNGUARDED_AVAILABILITY = YES_AGGRESSIVE;
				CLANG_WARN_UNREACHABLE_CODE = YES;
				CLANG_WARN__DUPLICATE_METHOD_MATCH = YES;
				COPY_PHASE_STRIP = NO;
				DEBUG_INFORMATION_FORMAT = "dwarf-with-dsym";
				ENABLE_NS_ASSERTIONS = NO;
				ENABLE_STRICT_OBJC_MSGSEND = YES;
				GCC_C_LANGUAGE_STANDARD = gnu11;
				GCC_NO_COMMON_BLOCKS = YES;
				GCC_WARN_64_TO_32_BIT_CONVERSION = YES;
				GCC_WARN_ABOUT_RETURN_TYPE = YES_ERROR;
				GCC_WARN_UNDECLARED_SELECTOR = YES;
				GCC_WARN_UNINITIALIZED_AUTOS = YES_AGGRESSIVE;
				GCC_WARN_UNUSED_FUNCTION = YES;
				GCC_WARN_UNUSED_VARIABLE = YES;
				IPHONEOS_DEPLOYMENT_TARGET = 13.2;
				MTL_ENABLE_DEBUG_INFO = NO;
				MTL_FAST_MATH = YES;
				SDKROOT = iphoneos;
				SWIFT_COMPILATION_MODE = wholemodule;
				SWIFT_OPTIMIZATION_LEVEL = "-O";
				VALIDATE_PRODUCT = YES;
			};
			name = Release;
		};
		4DB82127237D5A580083FB4E /* Debug */ = {
			isa = XCBuildConfiguration;
			buildSettings = {
				ASSETCATALOG_COMPILER_APPICON_NAME = AppIcon;
				CODE_SIGN_STYLE = Automatic;
				DEVELOPMENT_TEAM = H5FA2UGX5H;
				INFOPLIST_FILE = Kiemtra_1/Info.plist;
				IPHONEOS_DEPLOYMENT_TARGET = 12.4;
				LD_RUNPATH_SEARCH_PATHS = (
					"$(inherited)",
					"@executable_path/Frameworks",
				);
				PRODUCT_BUNDLE_IDENTIFIER = "com.hackingwithswift.Kiemtra-1";
				PRODUCT_NAME = "$(TARGET_NAME)";
				SWIFT_VERSION = 5.0;
				TARGETED_DEVICE_FAMILY = "1,2";
			};
			name = Debug;
		};
		4DB82128237D5A580083FB4E /* Release */ = {
			isa = XCBuildConfiguration;
			buildSettings = {
				ASSETCATALOG_COMPILER_APPICON_NAME = AppIcon;
				CODE_SIGN_STYLE = Automatic;
				DEVELOPMENT_TEAM = H5FA2UGX5H;
				INFOPLIST_FILE = Kiemtra_1/Info.plist;
				IPHONEOS_DEPLOYMENT_TARGET = 12.4;
				LD_RUNPATH_SEARCH_PATHS = (
					"$(inherited)",
					"@executable_path/Frameworks",
				);
				PRODUCT_BUNDLE_IDENTIFIER = "com.hackingwithswift.Kiemtra-1";
				PRODUCT_NAME = "$(TARGET_NAME)";
				SWIFT_VERSION = 5.0;
				TARGETED_DEVICE_FAMILY = "1,2";
			};
			name = Release;
		};
/* End XCBuildConfiguration section */

/* Begin XCConfigurationList section */
		4DB8210D237D5A550083FB4E /* Build configuration list for PBXProject "Kiemtra_1" */ = {
			isa = XCConfigurationList;
			buildConfigurations = (
				4DB82124237D5A580083FB4E /* Debug */,
				4DB82125237D5A580083FB4E /* Release */,
			);
			defaultConfigurationIsVisible = 0;
			defaultConfigurationName = Release;
		};
		4DB82126237D5A580083FB4E /* Build configuration list for PBXNativeTarget "Kiemtra_1" */ = {
			isa = XCConfigurationList;
			buildConfigurations = (
				4DB82127237D5A580083FB4E /* Debug */,
				4DB82128237D5A580083FB4E /* Release */,
			);
			defaultConfigurationIsVisible = 0;
			defaultConfigurationName = Release;
		};
/* End XCConfigurationList section */
	};
	rootObject = 4DB8210A237D5A550083FB4E /* Project object */;
}
