// !$*UTF8*$!
{
	archiveVersion = 1;
	classes = {
	};
	objectVersion = 52;
	objects = {

/* Begin PBXBuildFile section */
		4DAC8EEC236AC70E00B5F635 /* AppDelegate.swift in Sources */ = {isa = PBXBuildFile; fileRef = 4DAC8EEB236AC70E00B5F635 /* AppDelegate.swift */; };
		4DAC8EEE236AC70E00B5F635 /* SceneDelegate.swift in Sources */ = {isa = PBXBuildFile; fileRef = 4DAC8EED236AC70E00B5F635 /* SceneDelegate.swift */; };
		4DAC8EF0236AC70E00B5F635 /* ContentView.swift in Sources */ = {isa = PBXBuildFile; fileRef = 4DAC8EEF236AC70E00B5F635 /* ContentView.swift */; };
		4DAC8EF2236AC71000B5F635 /* Assets.xcassets in Resources */ = {isa = PBXBuildFile; fileRef = 4DAC8EF1236AC71000B5F635 /* Assets.xcassets */; };
		4DAC8EF5236AC71000B5F635 /* Preview Assets.xcassets in Resources */ = {isa = PBXBuildFile; fileRef = 4DAC8EF4236AC71000B5F635 /* Preview Assets.xcassets */; };
		4DAC8EF8236AC71000B5F635 /* LaunchScreen.storyboard in Resources */ = {isa = PBXBuildFile; fileRef = 4DAC8EF6236AC71000B5F635 /* LaunchScreen.storyboard */; };
/* End PBXBuildFile section */

/* Begin PBXFileReference section */
		4DAC8EE8236AC70E00B5F635 /* FBTryToLearn.app */ = {isa = PBXFileReference; explicitFileType = wrapper.application; includeInIndex = 0; path = FBTryToLearn.app; sourceTree = BUILT_PRODUCTS_DIR; };
		4DAC8EEB236AC70E00B5F635 /* AppDelegate.swift */ = {isa = PBXFileReference; lastKnownFileType = sourcecode.swift; path = AppDelegate.swift; sourceTree = "<group>"; };
		4DAC8EED236AC70E00B5F635 /* SceneDelegate.swift */ = {isa = PBXFileReference; lastKnownFileType = sourcecode.swift; path = SceneDelegate.swift; sourceTree = "<group>"; };
		4DAC8EEF236AC70E00B5F635 /* ContentView.swift */ = {isa = PBXFileReference; lastKnownFileType = sourcecode.swift; path = ContentView.swift; sourceTree = "<group>"; };
		4DAC8EF1236AC71000B5F635 /* Assets.xcassets */ = {isa = PBXFileReference; lastKnownFileType = folder.assetcatalog; path = Assets.xcassets; sourceTree = "<group>"; };
		4DAC8EF4236AC71000B5F635 /* Preview Assets.xcassets */ = {isa = PBXFileReference; lastKnownFileType = folder.assetcatalog; path = "Preview Assets.xcassets"; sourceTree = "<group>"; };
		4DAC8EF7236AC71000B5F635 /* Base */ = {isa = PBXFileReference; lastKnownFileType = file.storyboard; name = Base; path = Base.lproj/LaunchScreen.storyboard; sourceTree = "<group>"; };
		4DAC8EF9236AC71000B5F635 /* Info.plist */ = {isa = PBXFileReference; lastKnownFileType = text.plist.xml; path = Info.plist; sourceTree = "<group>"; };
/* End PBXFileReference section */

/* Begin PBXFrameworksBuildPhase section */
		4DAC8EE5236AC70E00B5F635 /* Frameworks */ = {
			isa = PBXFrameworksBuildPhase;
			buildActionMask = 2147483647;
			files = (
			);
			runOnlyForDeploymentPostprocessing = 0;
		};
/* End PBXFrameworksBuildPhase section */

/* Begin PBXGroup section */
		4DAC8EDF236AC70E00B5F635 = {
			isa = PBXGroup;
			children = (
				4DAC8EEA236AC70E00B5F635 /* FBTryToLearn */,
				4DAC8EE9236AC70E00B5F635 /* Products */,
			);
			sourceTree = "<group>";
		};
		4DAC8EE9236AC70E00B5F635 /* Products */ = {
			isa = PBXGroup;
			children = (
				4DAC8EE8236AC70E00B5F635 /* FBTryToLearn.app */,
			);
			name = Products;
			sourceTree = "<group>";
		};
		4DAC8EEA236AC70E00B5F635 /* FBTryToLearn */ = {
			isa = PBXGroup;
			children = (
				4DAC8EEB236AC70E00B5F635 /* AppDelegate.swift */,
				4DAC8EED236AC70E00B5F635 /* SceneDelegate.swift */,
				4DAC8EEF236AC70E00B5F635 /* ContentView.swift */,
				4DAC8EF1236AC71000B5F635 /* Assets.xcassets */,
				4DAC8EF6236AC71000B5F635 /* LaunchScreen.storyboard */,
				4DAC8EF9236AC71000B5F635 /* Info.plist */,
				4DAC8EF3236AC71000B5F635 /* Preview Content */,
			);
			path = FBTryToLearn;
			sourceTree = "<group>";
		};
		4DAC8EF3236AC71000B5F635 /* Preview Content */ = {
			isa = PBXGroup;
			children = (
				4DAC8EF4236AC71000B5F635 /* Preview Assets.xcassets */,
			);
			path = "Preview Content";
			sourceTree = "<group>";
		};
/* End PBXGroup section */

/* Begin PBXNativeTarget section */
		4DAC8EE7236AC70E00B5F635 /* FBTryToLearn */ = {
			isa = PBXNativeTarget;
			buildConfigurationList = 4DAC8EFC236AC71000B5F635 /* Build configuration list for PBXNativeTarget "FBTryToLearn" */;
			buildPhases = (
				4DAC8EE4236AC70E00B5F635 /* Sources */,
				4DAC8EE5236AC70E00B5F635 /* Frameworks */,
				4DAC8EE6236AC70E00B5F635 /* Resources */,
			);
			buildRules = (
			);
			dependencies = (
			);
			name = FBTryToLearn;
			productName = FBTryToLearn;
			productReference = 4DAC8EE8236AC70E00B5F635 /* FBTryToLearn.app */;
			productType = "com.apple.product-type.application";
		};
/* End PBXNativeTarget section */

/* Begin PBXProject section */
		4DAC8EE0236AC70E00B5F635 /* Project object */ = {
			isa = PBXProject;
			attributes = {
				LastSwiftUpdateCheck = 1110;
				LastUpgradeCheck = 1110;
				ORGANIZATIONNAME = "Xuan Huy";
				TargetAttributes = {
					4DAC8EE7236AC70E00B5F635 = {
						CreatedOnToolsVersion = 11.1;
					};
				};
			};
			buildConfigurationList = 4DAC8EE3236AC70E00B5F635 /* Build configuration list for PBXProject "FBTryToLearn" */;
			compatibilityVersion = "Xcode 11.0";
			developmentRegion = en;
			hasScannedForEncodings = 0;
			knownRegions = (
				en,
				Base,
			);
			mainGroup = 4DAC8EDF236AC70E00B5F635;
			productRefGroup = 4DAC8EE9236AC70E00B5F635 /* Products */;
			projectDirPath = "";
			projectRoot = "";
			targets = (
				4DAC8EE7236AC70E00B5F635 /* FBTryToLearn */,
			);
		};
/* End PBXProject section */

/* Begin PBXResourcesBuildPhase section */
		4DAC8EE6236AC70E00B5F635 /* Resources */ = {
			isa = PBXResourcesBuildPhase;
			buildActionMask = 2147483647;
			files = (
				4DAC8EF8236AC71000B5F635 /* LaunchScreen.storyboard in Resources */,
				4DAC8EF5236AC71000B5F635 /* Preview Assets.xcassets in Resources */,
				4DAC8EF2236AC71000B5F635 /* Assets.xcassets in Resources */,
			);
			runOnlyForDeploymentPostprocessing = 0;
		};
/* End PBXResourcesBuildPhase section */

/* Begin PBXSourcesBuildPhase section */
		4DAC8EE4236AC70E00B5F635 /* Sources */ = {
			isa = PBXSourcesBuildPhase;
			buildActionMask = 2147483647;
			files = (
				4DAC8EEC236AC70E00B5F635 /* AppDelegate.swift in Sources */,
				4DAC8EEE236AC70E00B5F635 /* SceneDelegate.swift in Sources */,
				4DAC8EF0236AC70E00B5F635 /* ContentView.swift in Sources */,
			);
			runOnlyForDeploymentPostprocessing = 0;
		};
/* End PBXSourcesBuildPhase section */

/* Begin PBXVariantGroup section */
		4DAC8EF6236AC71000B5F635 /* LaunchScreen.storyboard */ = {
			isa = PBXVariantGroup;
			children = (
				4DAC8EF7236AC71000B5F635 /* Base */,
			);
			name = LaunchScreen.storyboard;
			sourceTree = "<group>";
		};
/* End PBXVariantGroup section */

/* Begin XCBuildConfiguration section */
		4DAC8EFA236AC71000B5F635 /* Debug */ = {
			isa = XCBuildConfiguration;
			buildSettings = {
				ALWAYS_SEARCH_USER_PATHS = NO;
				CLANG_ANALYZER_NONNULL = YES;
				CLANG_ANALYZER_NUMBER_OBJECT_CONVERSION = YES_AGGRESSIVE;
				CLANG_CXX_LANGUAGE_STANDARD = "gnu++14";
				CLANG_CXX_LIBRARY = "libc++";
				CLANG_ENABLE_MODULES = YES;
				CLANG_ENABLE_OBJC_ARC = YES;
				CLANG_ENABLE_OBJC_WEAK = YES;
				CLANG_WARN_BLOCK_CAPTURE_AUTORELEASING = YES;
				CLANG_WARN_BOOL_CONVERSION = YES;
				CLANG_WARN_COMMA = YES;
				CLANG_WARN_CONSTANT_CONVERSION = YES;
				CLANG_WARN_DEPRECATED_OBJC_IMPLEMENTATIONS = YES;
				CLANG_WARN_DIRECT_OBJC_ISA_USAGE = YES_ERROR;
				CLANG_WARN_DOCUMENTATION_COMMENTS = YES;
				CLANG_WARN_EMPTY_BODY = YES;
				CLANG_WARN_ENUM_CONVERSION = YES;
				CLANG_WARN_INFINITE_RECURSION = YES;
				CLANG_WARN_INT_CONVERSION = YES;
				CLANG_WARN_NON_LITERAL_NULL_CONVERSION = YES;
				CLANG_WARN_OBJC_IMPLICIT_RETAIN_SELF = YES;
				CLANG_WARN_OBJC_LITERAL_CONVERSION = YES;
				CLANG_WARN_OBJC_ROOT_CLASS = YES_ERROR;
				CLANG_WARN_RANGE_LOOP_ANALYSIS = YES;
				CLANG_WARN_STRICT_PROTOTYPES = YES;
				CLANG_WARN_SUSPICIOUS_MOVE = YES;
				CLANG_WARN_UNGUARDED_AVAILABILITY = YES_AGGRESSIVE;
				CLANG_WARN_UNREACHABLE_CODE = YES;
				CLANG_WARN__DUPLICATE_METHOD_MATCH = YES;
				COPY_PHASE_STRIP = NO;
				DEBUG_INFORMATION_FORMAT = dwarf;
				ENABLE_STRICT_OBJC_MSGSEND = YES;
				ENABLE_TESTABILITY = YES;
				GCC_C_LANGUAGE_STANDARD = gnu11;
				GCC_DYNAMIC_NO_PIC = NO;
				GCC_NO_COMMON_BLOCKS = YES;
				GCC_OPTIMIZATION_LEVEL = 0;
				GCC_PREPROCESSOR_DEFINITIONS = (
					"DEBUG=1",
					"$(inherited)",
				);
				GCC_WARN_64_TO_32_BIT_CONVERSION = YES;
				GCC_WARN_ABOUT_RETURN_TYPE = YES_ERROR;
				GCC_WARN_UNDECLARED_SELECTOR = YES;
				GCC_WARN_UNINITIALIZED_AUTOS = YES_AGGRESSIVE;
				GCC_WARN_UNUSED_FUNCTION = YES;
				GCC_WARN_UNUSED_VARIABLE = YES;
				IPHONEOS_DEPLOYMENT_TARGET = 13.1;
				MTL_ENABLE_DEBUG_INFO = INCLUDE_SOURCE;
				MTL_FAST_MATH = YES;
				ONLY_ACTIVE_ARCH = YES;
				SDKROOT = iphoneos;
				SWIFT_ACTIVE_COMPILATION_CONDITIONS = DEBUG;
				SWIFT_OPTIMIZATION_LEVEL = "-Onone";
			};
			name = Debug;
		};
		4DAC8EFB236AC71000B5F635 /* Release */ = {
			isa = XCBuildConfiguration;
			buildSettings = {
				ALWAYS_SEARCH_USER_PATHS = NO;
				CLANG_ANALYZER_NONNULL = YES;
				CLANG_ANALYZER_NUMBER_OBJECT_CONVERSION = YES_AGGRESSIVE;
				CLANG_CXX_LANGUAGE_STANDARD = "gnu++14";
				CLANG_CXX_LIBRARY = "libc++";
				CLANG_ENABLE_MODULES = YES;
				CLANG_ENABLE_OBJC_ARC = YES;
				CLANG_ENABLE_OBJC_WEAK = YES;
				CLANG_WARN_BLOCK_CAPTURE_AUTORELEASING = YES;
				CLANG_WARN_BOOL_CONVERSION = YES;
				CLANG_WARN_COMMA = YES;
				CLANG_WARN_CONSTANT_CONVERSION = YES;
				CLANG_WARN_DEPRECATED_OBJC_IMPLEMENTATIONS = YES;
				CLANG_WARN_DIRECT_OBJC_ISA_USAGE = YES_ERROR;
				CLANG_WARN_DOCUMENTATION_COMMENTS = YES;
				CLANG_WARN_EMPTY_BODY = YES;
				CLANG_WARN_ENUM_CONVERSION = YES;
				CLANG_WARN_INFINITE_RECURSION = YES;
				CLANG_WARN_INT_CONVERSION = YES;
				CLANG_WARN_NON_LITERAL_NULL_CONVERSION = YES;
				CLANG_WARN_OBJC_IMPLICIT_RETAIN_SELF = YES;
				CLANG_WARN_OBJC_LITERAL_CONVERSION = YES;
				CLANG_WARN_OBJC_ROOT_CLASS = YES_ERROR;
				CLANG_WARN_RANGE_LOOP_ANALYSIS = YES;
				CLANG_WARN_STRICT_PROTOTYPES = YES;
				CLANG_WARN_SUSPICIOUS_MOVE = YES;
				CLANG_WARN_UNGUARDED_AVAILABILITY = YES_AGGRESSIVE;
				CLANG_WARN_UNREACHABLE_CODE = YES;
				CLANG_WARN__DUPLICATE_METHOD_MATCH = YES;
				COPY_PHASE_STRIP = NO;
				DEBUG_INFORMATION_FORMAT = "dwarf-with-dsym";
				ENABLE_NS_ASSERTIONS = NO;
				ENABLE_STRICT_OBJC_MSGSEND = YES;
				GCC_C_LANGUAGE_STANDARD = gnu11;
				GCC_NO_COMMON_BLOCKS = YES;
				GCC_WARN_64_TO_32_BIT_CONVERSION = YES;
				GCC_WARN_ABOUT_RETURN_TYPE = YES_ERROR;
				GCC_WARN_UNDECLARED_SELECTOR = YES;
				GCC_WARN_UNINITIALIZED_AUTOS = YES_AGGRESSIVE;
				GCC_WARN_UNUSED_FUNCTION = YES;
				GCC_WARN_UNUSED_VARIABLE = YES;
				IPHONEOS_DEPLOYMENT_TARGET = 13.1;
				MTL_ENABLE_DEBUG_INFO = NO;
				MTL_FAST_MATH = YES;
				SDKROOT = iphoneos;
				SWIFT_COMPILATION_MODE = wholemodule;
				SWIFT_OPTIMIZATION_LEVEL = "-O";
				VALIDATE_PRODUCT = YES;
			};
			name = Release;
		};
		4DAC8EFD236AC71000B5F635 /* Debug */ = {
			isa = XCBuildConfiguration;
			buildSettings = {
				ASSETCATALOG_COMPILER_APPICON_NAME = AppIcon;
				CODE_SIGN_STYLE = Automatic;
				DEVELOPMENT_ASSET_PATHS = "\"FBTryToLearn/Preview Content\"";
				ENABLE_PREVIEWS = YES;
				INFOPLIST_FILE = FBTryToLearn/Info.plist;
				LD_RUNPATH_SEARCH_PATHS = (
					"$(inherited)",
					"@executable_path/Frameworks",
				);
				PRODUCT_BUNDLE_IDENTIFIER = com.hackingwithswift.FBTryToLearn;
				PRODUCT_NAME = "$(TARGET_NAME)";
				SWIFT_VERSION = 5.0;
				TARGETED_DEVICE_FAMILY = "1,2";
			};
			name = Debug;
		};
		4DAC8EFE236AC71000B5F635 /* Release */ = {
			isa = XCBuildConfiguration;
			buildSettings = {
				ASSETCATALOG_COMPILER_APPICON_NAME = AppIcon;
				CODE_SIGN_STYLE = Automatic;
				DEVELOPMENT_ASSET_PATHS = "\"FBTryToLearn/Preview Content\"";
				ENABLE_PREVIEWS = YES;
				INFOPLIST_FILE = FBTryToLearn/Info.plist;
				LD_RUNPATH_SEARCH_PATHS = (
					"$(inherited)",
					"@executable_path/Frameworks",
				);
				PRODUCT_BUNDLE_IDENTIFIER = com.hackingwithswift.FBTryToLearn;
				PRODUCT_NAME = "$(TARGET_NAME)";
				SWIFT_VERSION = 5.0;
				TARGETED_DEVICE_FAMILY = "1,2";
			};
			name = Release;
		};
/* End XCBuildConfiguration section */

/* Begin XCConfigurationList section */
		4DAC8EE3236AC70E00B5F635 /* Build configuration list for PBXProject "FBTryToLearn" */ = {
			isa = XCConfigurationList;
			buildConfigurations = (
				4DAC8EFA236AC71000B5F635 /* Debug */,
				4DAC8EFB236AC71000B5F635 /* Release */,
			);
			defaultConfigurationIsVisible = 0;
			defaultConfigurationName = Release;
		};
		4DAC8EFC236AC71000B5F635 /* Build configuration list for PBXNativeTarget "FBTryToLearn" */ = {
			isa = XCConfigurationList;
			buildConfigurations = (
				4DAC8EFD236AC71000B5F635 /* Debug */,
				4DAC8EFE236AC71000B5F635 /* Release */,
			);
			defaultConfigurationIsVisible = 0;
			defaultConfigurationName = Release;
		};
/* End XCConfigurationList section */
	};
	rootObject = 4DAC8EE0236AC70E00B5F635 /* Project object */;
}
