// !$*UTF8*$!
{
	archiveVersion = 1;
	classes = {
	};
	objectVersion = 50;
	objects = {

/* Begin PBXBuildFile section */
		4DFB92AF2369439E006A27B2 /* AppDelegate.swift in Sources */ = {isa = PBXBuildFile; fileRef = 4DFB92AE2369439E006A27B2 /* AppDelegate.swift */; };
		4DFB92B12369439E006A27B2 /* SceneDelegate.swift in Sources */ = {isa = PBXBuildFile; fileRef = 4DFB92B02369439E006A27B2 /* SceneDelegate.swift */; };
		4DFB92B32369439E006A27B2 /* ContentView.swift in Sources */ = {isa = PBXBuildFile; fileRef = 4DFB92B22369439E006A27B2 /* ContentView.swift */; };
		4DFB92B5236943A1006A27B2 /* Assets.xcassets in Resources */ = {isa = PBXBuildFile; fileRef = 4DFB92B4236943A1006A27B2 /* Assets.xcassets */; };
		4DFB92B8236943A1006A27B2 /* Preview Assets.xcassets in Resources */ = {isa = PBXBuildFile; fileRef = 4DFB92B7236943A1006A27B2 /* Preview Assets.xcassets */; };
		4DFB92BB236943A1006A27B2 /* LaunchScreen.storyboard in Resources */ = {isa = PBXBuildFile; fileRef = 4DFB92B9236943A1006A27B2 /* LaunchScreen.storyboard */; };
		4DFB930E236945C5006A27B2 /* modul1.framework in Frameworks */ = {isa = PBXBuildFile; fileRef = 4DFB930623694559006A27B2 /* modul1.framework */; };
		4DFB930F236945C5006A27B2 /* modul1.framework in Embed Frameworks */ = {isa = PBXBuildFile; fileRef = 4DFB930623694559006A27B2 /* modul1.framework */; settings = {ATTRIBUTES = (CodeSignOnCopy, RemoveHeadersOnCopy, ); }; };
		4DFB9310236945C5006A27B2 /* modul2.framework in Frameworks */ = {isa = PBXBuildFile; fileRef = 4DFB930C23694566006A27B2 /* modul2.framework */; };
		4DFB9311236945C5006A27B2 /* modul2.framework in Embed Frameworks */ = {isa = PBXBuildFile; fileRef = 4DFB930C23694566006A27B2 /* modul2.framework */; settings = {ATTRIBUTES = (CodeSignOnCopy, RemoveHeadersOnCopy, ); }; };
/* End PBXBuildFile section */

/* Begin PBXContainerItemProxy section */
		4DFB930523694559006A27B2 /* PBXContainerItemProxy */ = {
			isa = PBXContainerItemProxy;
			containerPortal = 4DFB930123694559006A27B2 /* modul1.xcodeproj */;
			proxyType = 2;
			remoteGlobalIDString = 4DFB92F6236944D1006A27B2;
			remoteInfo = modul1;
		};
		4DFB930B23694566006A27B2 /* PBXContainerItemProxy */ = {
			isa = PBXContainerItemProxy;
			containerPortal = 4DFB930723694566006A27B2 /* modul2.xcodeproj */;
			proxyType = 2;
			remoteGlobalIDString = 4DFB92E1236944A3006A27B2;
			remoteInfo = modul2;
		};
/* End PBXContainerItemProxy section */

/* Begin PBXCopyFilesBuildPhase section */
		4DFB9312236945C5006A27B2 /* Embed Frameworks */ = {
			isa = PBXCopyFilesBuildPhase;
			buildActionMask = 2147483647;
			dstPath = "";
			dstSubfolderSpec = 10;
			files = (
				4DFB930F236945C5006A27B2 /* modul1.framework in Embed Frameworks */,
				4DFB9311236945C5006A27B2 /* modul2.framework in Embed Frameworks */,
			);
			name = "Embed Frameworks";
			runOnlyForDeploymentPostprocessing = 0;
		};
/* End PBXCopyFilesBuildPhase section */

/* Begin PBXFileReference section */
		4DFB92AB2369439E006A27B2 /* newbietrain.app */ = {isa = PBXFileReference; explicitFileType = wrapper.application; includeInIndex = 0; path = newbietrain.app; sourceTree = BUILT_PRODUCTS_DIR; };
		4DFB92AE2369439E006A27B2 /* AppDelegate.swift */ = {isa = PBXFileReference; lastKnownFileType = sourcecode.swift; path = AppDelegate.swift; sourceTree = "<group>"; };
		4DFB92B02369439E006A27B2 /* SceneDelegate.swift */ = {isa = PBXFileReference; lastKnownFileType = sourcecode.swift; path = SceneDelegate.swift; sourceTree = "<group>"; };
		4DFB92B22369439E006A27B2 /* ContentView.swift */ = {isa = PBXFileReference; lastKnownFileType = sourcecode.swift; path = ContentView.swift; sourceTree = "<group>"; };
		4DFB92B4236943A1006A27B2 /* Assets.xcassets */ = {isa = PBXFileReference; lastKnownFileType = folder.assetcatalog; path = Assets.xcassets; sourceTree = "<group>"; };
		4DFB92B7236943A1006A27B2 /* Preview Assets.xcassets */ = {isa = PBXFileReference; lastKnownFileType = folder.assetcatalog; path = "Preview Assets.xcassets"; sourceTree = "<group>"; };
		4DFB92BA236943A1006A27B2 /* Base */ = {isa = PBXFileReference; lastKnownFileType = file.storyboard; name = Base; path = Base.lproj/LaunchScreen.storyboard; sourceTree = "<group>"; };
		4DFB92BC236943A1006A27B2 /* Info.plist */ = {isa = PBXFileReference; lastKnownFileType = text.plist.xml; path = Info.plist; sourceTree = "<group>"; };
		4DFB930123694559006A27B2 /* modul1.xcodeproj */ = {isa = PBXFileReference; lastKnownFileType = "wrapper.pb-project"; name = modul1.xcodeproj; path = modul1/modul1.xcodeproj; sourceTree = SOURCE_ROOT; };
		4DFB930723694566006A27B2 /* modul2.xcodeproj */ = {isa = PBXFileReference; lastKnownFileType = "wrapper.pb-project"; name = modul2.xcodeproj; path = modul2/modul2.xcodeproj; sourceTree = SOURCE_ROOT; };
/* End PBXFileReference section */

/* Begin PBXFrameworksBuildPhase section */
		4DFB92A82369439E006A27B2 /* Frameworks */ = {
			isa = PBXFrameworksBuildPhase;
			buildActionMask = 2147483647;
			files = (
				4DFB930E236945C5006A27B2 /* modul1.framework in Frameworks */,
				4DFB9310236945C5006A27B2 /* modul2.framework in Frameworks */,
			);
			runOnlyForDeploymentPostprocessing = 0;
		};
/* End PBXFrameworksBuildPhase section */

/* Begin PBXGroup section */
		4DFB92A22369439E006A27B2 = {
			isa = PBXGroup;
			children = (
				4DFB92AD2369439E006A27B2 /* newbietrain */,
				4DFB92AC2369439E006A27B2 /* Products */,
				4DFB930D236945C5006A27B2 /* Frameworks */,
			);
			sourceTree = "<group>";
		};
		4DFB92AC2369439E006A27B2 /* Products */ = {
			isa = PBXGroup;
			children = (
				4DFB92AB2369439E006A27B2 /* newbietrain.app */,
			);
			name = Products;
			sourceTree = "<group>";
		};
		4DFB92AD2369439E006A27B2 /* newbietrain */ = {
			isa = PBXGroup;
			children = (
				4DFB930123694559006A27B2 /* modul1.xcodeproj */,
				4DFB930723694566006A27B2 /* modul2.xcodeproj */,
				4DFB92AE2369439E006A27B2 /* AppDelegate.swift */,
				4DFB92B02369439E006A27B2 /* SceneDelegate.swift */,
				4DFB92B22369439E006A27B2 /* ContentView.swift */,
				4DFB92B4236943A1006A27B2 /* Assets.xcassets */,
				4DFB92B9236943A1006A27B2 /* LaunchScreen.storyboard */,
				4DFB92BC236943A1006A27B2 /* Info.plist */,
				4DFB92B6236943A1006A27B2 /* Preview Content */,
			);
			path = newbietrain;
			sourceTree = "<group>";
		};
		4DFB92B6236943A1006A27B2 /* Preview Content */ = {
			isa = PBXGroup;
			children = (
				4DFB92B7236943A1006A27B2 /* Preview Assets.xcassets */,
			);
			path = "Preview Content";
			sourceTree = "<group>";
		};
		4DFB930223694559006A27B2 /* Products */ = {
			isa = PBXGroup;
			children = (
				4DFB930623694559006A27B2 /* modul1.framework */,
			);
			name = Products;
			sourceTree = "<group>";
		};
		4DFB930823694566006A27B2 /* Products */ = {
			isa = PBXGroup;
			children = (
				4DFB930C23694566006A27B2 /* modul2.framework */,
			);
			name = Products;
			sourceTree = "<group>";
		};
		4DFB930D236945C5006A27B2 /* Frameworks */ = {
			isa = PBXGroup;
			children = (
			);
			name = Frameworks;
			sourceTree = "<group>";
		};
/* End PBXGroup section */

/* Begin PBXNativeTarget section */
		4DFB92AA2369439E006A27B2 /* newbietrain */ = {
			isa = PBXNativeTarget;
			buildConfigurationList = 4DFB92BF236943A1006A27B2 /* Build configuration list for PBXNativeTarget "newbietrain" */;
			buildPhases = (
				4DFB92A72369439E006A27B2 /* Sources */,
				4DFB92A82369439E006A27B2 /* Frameworks */,
				4DFB92A92369439E006A27B2 /* Resources */,
				4DFB9312236945C5006A27B2 /* Embed Frameworks */,
			);
			buildRules = (
			);
			dependencies = (
			);
			name = newbietrain;
			productName = newbietrain;
			productReference = 4DFB92AB2369439E006A27B2 /* newbietrain.app */;
			productType = "com.apple.product-type.application";
		};
/* End PBXNativeTarget section */

/* Begin PBXProject section */
		4DFB92A32369439E006A27B2 /* Project object */ = {
			isa = PBXProject;
			attributes = {
				LastSwiftUpdateCheck = 1110;
				LastUpgradeCheck = 1110;
				ORGANIZATIONNAME = "Xuan Huy";
				TargetAttributes = {
					4DFB92AA2369439E006A27B2 = {
						CreatedOnToolsVersion = 11.1;
					};
				};
			};
			buildConfigurationList = 4DFB92A62369439E006A27B2 /* Build configuration list for PBXProject "newbietrain" */;
			compatibilityVersion = "Xcode 9.3";
			developmentRegion = en;
			hasScannedForEncodings = 0;
			knownRegions = (
				en,
				Base,
			);
			mainGroup = 4DFB92A22369439E006A27B2;
			productRefGroup = 4DFB92AC2369439E006A27B2 /* Products */;
			projectDirPath = "";
			projectReferences = (
				{
					ProductGroup = 4DFB930223694559006A27B2 /* Products */;
					ProjectRef = 4DFB930123694559006A27B2 /* modul1.xcodeproj */;
				},
				{
					ProductGroup = 4DFB930823694566006A27B2 /* Products */;
					ProjectRef = 4DFB930723694566006A27B2 /* modul2.xcodeproj */;
				},
			);
			projectRoot = "";
			targets = (
				4DFB92AA2369439E006A27B2 /* newbietrain */,
			);
		};
/* End PBXProject section */

/* Begin PBXReferenceProxy section */
		4DFB930623694559006A27B2 /* modul1.framework */ = {
			isa = PBXReferenceProxy;
			fileType = wrapper.framework;
			path = modul1.framework;
			remoteRef = 4DFB930523694559006A27B2 /* PBXContainerItemProxy */;
			sourceTree = BUILT_PRODUCTS_DIR;
		};
		4DFB930C23694566006A27B2 /* modul2.framework */ = {
			isa = PBXReferenceProxy;
			fileType = wrapper.framework;
			path = modul2.framework;
			remoteRef = 4DFB930B23694566006A27B2 /* PBXContainerItemProxy */;
			sourceTree = BUILT_PRODUCTS_DIR;
		};
/* End PBXReferenceProxy section */

/* Begin PBXResourcesBuildPhase section */
		4DFB92A92369439E006A27B2 /* Resources */ = {
			isa = PBXResourcesBuildPhase;
			buildActionMask = 2147483647;
			files = (
				4DFB92BB236943A1006A27B2 /* LaunchScreen.storyboard in Resources */,
				4DFB92B8236943A1006A27B2 /* Preview Assets.xcassets in Resources */,
				4DFB92B5236943A1006A27B2 /* Assets.xcassets in Resources */,
			);
			runOnlyForDeploymentPostprocessing = 0;
		};
/* End PBXResourcesBuildPhase section */

/* Begin PBXSourcesBuildPhase section */
		4DFB92A72369439E006A27B2 /* Sources */ = {
			isa = PBXSourcesBuildPhase;
			buildActionMask = 2147483647;
			files = (
				4DFB92AF2369439E006A27B2 /* AppDelegate.swift in Sources */,
				4DFB92B12369439E006A27B2 /* SceneDelegate.swift in Sources */,
				4DFB92B32369439E006A27B2 /* ContentView.swift in Sources */,
			);
			runOnlyForDeploymentPostprocessing = 0;
		};
/* End PBXSourcesBuildPhase section */

/* Begin PBXVariantGroup section */
		4DFB92B9236943A1006A27B2 /* LaunchScreen.storyboard */ = {
			isa = PBXVariantGroup;
			children = (
				4DFB92BA236943A1006A27B2 /* Base */,
			);
			name = LaunchScreen.storyboard;
			sourceTree = "<group>";
		};
/* End PBXVariantGroup section */

/* Begin XCBuildConfiguration section */
		4DFB92BD236943A1006A27B2 /* Debug */ = {
			isa = XCBuildConfiguration;
			buildSettings = {
				ALWAYS_SEARCH_USER_PATHS = NO;
				CLANG_ANALYZER_NONNULL = YES;
				CLANG_ANALYZER_NUMBER_OBJECT_CONVERSION = YES_AGGRESSIVE;
				CLANG_CXX_LANGUAGE_STANDARD = "gnu++14";
				CLANG_CXX_LIBRARY = "libc++";
				CLANG_ENABLE_MODULES = YES;
				CLANG_ENABLE_OBJC_ARC = YES;
				CLANG_ENABLE_OBJC_WEAK = YES;
				CLANG_WARN_BLOCK_CAPTURE_AUTORELEASING = YES;
				CLANG_WARN_BOOL_CONVERSION = YES;
				CLANG_WARN_COMMA = YES;
				CLANG_WARN_CONSTANT_CONVERSION = YES;
				CLANG_WARN_DEPRECATED_OBJC_IMPLEMENTATIONS = YES;
				CLANG_WARN_DIRECT_OBJC_ISA_USAGE = YES_ERROR;
				CLANG_WARN_DOCUMENTATION_COMMENTS = YES;
				CLANG_WARN_EMPTY_BODY = YES;
				CLANG_WARN_ENUM_CONVERSION = YES;
				CLANG_WARN_INFINITE_RECURSION = YES;
				CLANG_WARN_INT_CONVERSION = YES;
				CLANG_WARN_NON_LITERAL_NULL_CONVERSION = YES;
				CLANG_WARN_OBJC_IMPLICIT_RETAIN_SELF = YES;
				CLANG_WARN_OBJC_LITERAL_CONVERSION = YES;
				CLANG_WARN_OBJC_ROOT_CLASS = YES_ERROR;
				CLANG_WARN_RANGE_LOOP_ANALYSIS = YES;
				CLANG_WARN_STRICT_PROTOTYPES = YES;
				CLANG_WARN_SUSPICIOUS_MOVE = YES;
				CLANG_WARN_UNGUARDED_AVAILABILITY = YES_AGGRESSIVE;
				CLANG_WARN_UNREACHABLE_CODE = YES;
				CLANG_WARN__DUPLICATE_METHOD_MATCH = YES;
				COPY_PHASE_STRIP = NO;
				DEBUG_INFORMATION_FORMAT = dwarf;
				ENABLE_STRICT_OBJC_MSGSEND = YES;
				ENABLE_TESTABILITY = YES;
				GCC_C_LANGUAGE_STANDARD = gnu11;
				GCC_DYNAMIC_NO_PIC = NO;
				GCC_NO_COMMON_BLOCKS = YES;
				GCC_OPTIMIZATION_LEVEL = 0;
				GCC_PREPROCESSOR_DEFINITIONS = (
					"DEBUG=1",
					"$(inherited)",
				);
				GCC_WARN_64_TO_32_BIT_CONVERSION = YES;
				GCC_WARN_ABOUT_RETURN_TYPE = YES_ERROR;
				GCC_WARN_UNDECLARED_SELECTOR = YES;
				GCC_WARN_UNINITIALIZED_AUTOS = YES_AGGRESSIVE;
				GCC_WARN_UNUSED_FUNCTION = YES;
				GCC_WARN_UNUSED_VARIABLE = YES;
				IPHONEOS_DEPLOYMENT_TARGET = 13.1;
				MTL_ENABLE_DEBUG_INFO = INCLUDE_SOURCE;
				MTL_FAST_MATH = YES;
				ONLY_ACTIVE_ARCH = YES;
				SDKROOT = iphoneos;
				SWIFT_ACTIVE_COMPILATION_CONDITIONS = DEBUG;
				SWIFT_OPTIMIZATION_LEVEL = "-Onone";
			};
			name = Debug;
		};
		4DFB92BE236943A1006A27B2 /* Release */ = {
			isa = XCBuildConfiguration;
			buildSettings = {
				ALWAYS_SEARCH_USER_PATHS = NO;
				CLANG_ANALYZER_NONNULL = YES;
				CLANG_ANALYZER_NUMBER_OBJECT_CONVERSION = YES_AGGRESSIVE;
				CLANG_CXX_LANGUAGE_STANDARD = "gnu++14";
				CLANG_CXX_LIBRARY = "libc++";
				CLANG_ENABLE_MODULES = YES;
				CLANG_ENABLE_OBJC_ARC = YES;
				CLANG_ENABLE_OBJC_WEAK = YES;
				CLANG_WARN_BLOCK_CAPTURE_AUTORELEASING = YES;
				CLANG_WARN_BOOL_CONVERSION = YES;
				CLANG_WARN_COMMA = YES;
				CLANG_WARN_CONSTANT_CONVERSION = YES;
				CLANG_WARN_DEPRECATED_OBJC_IMPLEMENTATIONS = YES;
				CLANG_WARN_DIRECT_OBJC_ISA_USAGE = YES_ERROR;
				CLANG_WARN_DOCUMENTATION_COMMENTS = YES;
				CLANG_WARN_EMPTY_BODY = YES;
				CLANG_WARN_ENUM_CONVERSION = YES;
				CLANG_WARN_INFINITE_RECURSION = YES;
				CLANG_WARN_INT_CONVERSION = YES;
				CLANG_WARN_NON_LITERAL_NULL_CONVERSION = YES;
				CLANG_WARN_OBJC_IMPLICIT_RETAIN_SELF = YES;
				CLANG_WARN_OBJC_LITERAL_CONVERSION = YES;
				CLANG_WARN_OBJC_ROOT_CLASS = YES_ERROR;
				CLANG_WARN_RANGE_LOOP_ANALYSIS = YES;
				CLANG_WARN_STRICT_PROTOTYPES = YES;
				CLANG_WARN_SUSPICIOUS_MOVE = YES;
				CLANG_WARN_UNGUARDED_AVAILABILITY = YES_AGGRESSIVE;
				CLANG_WARN_UNREACHABLE_CODE = YES;
				CLANG_WARN__DUPLICATE_METHOD_MATCH = YES;
				COPY_PHASE_STRIP = NO;
				DEBUG_INFORMATION_FORMAT = "dwarf-with-dsym";
				ENABLE_NS_ASSERTIONS = NO;
				ENABLE_STRICT_OBJC_MSGSEND = YES;
				GCC_C_LANGUAGE_STANDARD = gnu11;
				GCC_NO_COMMON_BLOCKS = YES;
				GCC_WARN_64_TO_32_BIT_CONVERSION = YES;
				GCC_WARN_ABOUT_RETURN_TYPE = YES_ERROR;
				GCC_WARN_UNDECLARED_SELECTOR = YES;
				GCC_WARN_UNINITIALIZED_AUTOS = YES_AGGRESSIVE;
				GCC_WARN_UNUSED_FUNCTION = YES;
				GCC_WARN_UNUSED_VARIABLE = YES;
				IPHONEOS_DEPLOYMENT_TARGET = 13.1;
				MTL_ENABLE_DEBUG_INFO = NO;
				MTL_FAST_MATH = YES;
				SDKROOT = iphoneos;
				SWIFT_COMPILATION_MODE = wholemodule;
				SWIFT_OPTIMIZATION_LEVEL = "-O";
				VALIDATE_PRODUCT = YES;
			};
			name = Release;
		};
		4DFB92C0236943A1006A27B2 /* Debug */ = {
			isa = XCBuildConfiguration;
			buildSettings = {
				ASSETCATALOG_COMPILER_APPICON_NAME = AppIcon;
				CODE_SIGN_STYLE = Automatic;
				DEVELOPMENT_ASSET_PATHS = "\"newbietrain/Preview Content\"";
				ENABLE_PREVIEWS = YES;
				INFOPLIST_FILE = newbietrain/Info.plist;
				LD_RUNPATH_SEARCH_PATHS = (
					"$(inherited)",
					"@executable_path/Frameworks",
				);
				PRODUCT_BUNDLE_IDENTIFIER = com.hackingwithswift.newbietrain;
				PRODUCT_NAME = "$(TARGET_NAME)";
				SWIFT_VERSION = 5.0;
				TARGETED_DEVICE_FAMILY = "1,2";
			};
			name = Debug;
		};
		4DFB92C1236943A1006A27B2 /* Release */ = {
			isa = XCBuildConfiguration;
			buildSettings = {
				ASSETCATALOG_COMPILER_APPICON_NAME = AppIcon;
				CODE_SIGN_STYLE = Automatic;
				DEVELOPMENT_ASSET_PATHS = "\"newbietrain/Preview Content\"";
				ENABLE_PREVIEWS = YES;
				INFOPLIST_FILE = newbietrain/Info.plist;
				LD_RUNPATH_SEARCH_PATHS = (
					"$(inherited)",
					"@executable_path/Frameworks",
				);
				PRODUCT_BUNDLE_IDENTIFIER = com.hackingwithswift.newbietrain;
				PRODUCT_NAME = "$(TARGET_NAME)";
				SWIFT_VERSION = 5.0;
				TARGETED_DEVICE_FAMILY = "1,2";
			};
			name = Release;
		};
/* End XCBuildConfiguration section */

/* Begin XCConfigurationList section */
		4DFB92A62369439E006A27B2 /* Build configuration list for PBXProject "newbietrain" */ = {
			isa = XCConfigurationList;
			buildConfigurations = (
				4DFB92BD236943A1006A27B2 /* Debug */,
				4DFB92BE236943A1006A27B2 /* Release */,
			);
			defaultConfigurationIsVisible = 0;
			defaultConfigurationName = Release;
		};
		4DFB92BF236943A1006A27B2 /* Build configuration list for PBXNativeTarget "newbietrain" */ = {
			isa = XCConfigurationList;
			buildConfigurations = (
				4DFB92C0236943A1006A27B2 /* Debug */,
				4DFB92C1236943A1006A27B2 /* Release */,
			);
			defaultConfigurationIsVisible = 0;
			defaultConfigurationName = Release;
		};
/* End XCConfigurationList section */
	};
	rootObject = 4DFB92A32369439E006A27B2 /* Project object */;
}
